
Microsoft Visual Studio Solution File, Format Version 12.00
# Visual Studio Version 17
VisualStudioVersion = 17.10.35013.160
MinimumVisualStudioVersion = 10.0.40219.1
Project("{FAE04EC0-301F-11D3-BF4B-00C04F79EFBC}") = "SurnameQueryApp", "SurnameQueryApp\SurnameQueryApp.csproj", "{005D4CF3-A54C-4D55-BA84-6095EAE98641}"
EndProject
Global
	GlobalSection(SolutionConfigurationPlatforms) = preSolution
		Debug|Any CPU = Debug|Any CPU
		Release|Any CPU = Release|Any CPU
	EndGlobalSection
	GlobalSection(ProjectConfigurationPlatforms) = postSolution
		{005D4CF3-A54C-4D55-BA84-6095EAE98641}.Debug|Any CPU.ActiveCfg = Debug|Any CPU
		{005D4CF3-A54C-4D55-BA84-6095EAE98641}.Debug|Any CPU.Build.0 = Debug|Any CPU
		{005D4CF3-A54C-4D55-BA84-6095EAE98641}.Release|Any CPU.ActiveCfg = Release|Any CPU
		{005D4CF3-A54C-4D55-BA84-6095EAE98641}.Release|Any CPU.Build.0 = Release|Any CPU
	EndGlobalSection
	GlobalSection(SolutionProperties) = preSolution
		HideSolutionNode = FALSE
	EndGlobalSection
	GlobalSection(ExtensibilityGlobals) = postSolution
		SolutionGuid = {337FFCB4-9912-4C52-AD39-FD21E735ABE0}
	EndGlobalSection
EndGlobal
